{
  "version": 4,
  "terraform_version": "1.3.5",
  "serial": 8,
  "lineage": "9483b220-bce9-532e-3e7a-8aadc4d72de8",
  "outputs": {},
  "resources": [
    {
      "mode": "managed",
      "type": "azurerm_network_interface",
      "name": "gwiktorowski",
      "provider": "provider[\"registry.terraform.io/hashicorp/azurerm\"]",
      "instances": [
        {
          "schema_version": 0,
          "attributes": {
            "applied_dns_servers": [],
            "dns_servers": [],
            "edge_zone": "",
            "enable_accelerated_networking": false,
            "enable_ip_forwarding": false,
            "id": "/subscriptions/b20e8348-2196-4640-bdf8-2f8e15c94c29/resourceGroups/gwiktorowski-resources/providers/Microsoft.Network/networkInterfaces/gwiktorowski-nic",
            "internal_dns_name_label": "",
            "internal_domain_name_suffix": "grjrycffpmfejfjca5ccaqlrtd.ax.internal.cloudapp.net",
            "ip_configuration": [
              {
                "gateway_load_balancer_frontend_ip_configuration_id": "",
                "name": "internal",
                "primary": true,
                "private_ip_address": "10.2.1.4",
                "private_ip_address_allocation": "Dynamic",
                "private_ip_address_version": "IPv4",
                "public_ip_address_id": "",
                "subnet_id": "/subscriptions/b20e8348-2196-4640-bdf8-2f8e15c94c29/resourceGroups/gwiktorowski-resources/providers/Microsoft.Network/virtualNetworks/gwiktorowski-network/subnets/gwiktorowski-private"
              }
            ],
            "location": "westeurope",
            "mac_address": "",
            "name": "gwiktorowski-nic",
            "private_ip_address": "10.2.1.4",
            "private_ip_addresses": [
              "10.2.1.4"
            ],
            "resource_group_name": "gwiktorowski-resources",
            "tags": {},
            "timeouts": null,
            "virtual_machine_id": ""
          },
          "sensitive_attributes": [],
          "private": "eyJlMmJmYjczMC1lY2FhLTExZTYtOGY4OC0zNDM2M2JjN2M0YzAiOnsiY3JlYXRlIjoxODAwMDAwMDAwMDAwLCJkZWxldGUiOjE4MDAwMDAwMDAwMDAsInJlYWQiOjMwMDAwMDAwMDAwMCwidXBkYXRlIjoxODAwMDAwMDAwMDAwfX0=",
          "dependencies": [
            "azurerm_resource_group.gwiktorowski",
            "azurerm_subnet.gwiktorowski",
            "azurerm_virtual_network.gwiktorowski"
          ]
        }
      ]
    },
    {
      "mode": "managed",
      "type": "azurerm_resource_group",
      "name": "gwiktorowski",
      "provider": "provider[\"registry.terraform.io/hashicorp/azurerm\"]",
      "instances": [
        {
          "schema_version": 0,
          "attributes": {
            "id": "/subscriptions/b20e8348-2196-4640-bdf8-2f8e15c94c29/resourceGroups/gwiktorowski-resources",
            "location": "westeurope",
            "name": "gwiktorowski-resources",
            "tags": {},
            "timeouts": null
          },
          "sensitive_attributes": [],
          "private": "eyJlMmJmYjczMC1lY2FhLTExZTYtOGY4OC0zNDM2M2JjN2M0YzAiOnsiY3JlYXRlIjo1NDAwMDAwMDAwMDAwLCJkZWxldGUiOjU0MDAwMDAwMDAwMDAsInJlYWQiOjMwMDAwMDAwMDAwMCwidXBkYXRlIjo1NDAwMDAwMDAwMDAwfX0="
        }
      ]
    },
    {
      "mode": "managed",
      "type": "azurerm_subnet",
      "name": "gwiktorowski",
      "provider": "provider[\"registry.terraform.io/hashicorp/azurerm\"]",
      "instances": [
        {
          "schema_version": 0,
          "attributes": {
            "address_prefixes": [
              "10.2.1.0/24"
            ],
            "delegation": [],
            "enforce_private_link_endpoint_network_policies": false,
            "enforce_private_link_service_network_policies": false,
            "id": "/subscriptions/b20e8348-2196-4640-bdf8-2f8e15c94c29/resourceGroups/gwiktorowski-resources/providers/Microsoft.Network/virtualNetworks/gwiktorowski-network/subnets/gwiktorowski-private",
            "name": "gwiktorowski-private",
            "private_endpoint_network_policies_enabled": true,
            "private_link_service_network_policies_enabled": true,
            "resource_group_name": "gwiktorowski-resources",
            "service_endpoint_policy_ids": [],
            "service_endpoints": [],
            "timeouts": null,
            "virtual_network_name": "gwiktorowski-network"
          },
          "sensitive_attributes": [],
          "private": "eyJlMmJmYjczMC1lY2FhLTExZTYtOGY4OC0zNDM2M2JjN2M0YzAiOnsiY3JlYXRlIjoxODAwMDAwMDAwMDAwLCJkZWxldGUiOjE4MDAwMDAwMDAwMDAsInJlYWQiOjMwMDAwMDAwMDAwMCwidXBkYXRlIjoxODAwMDAwMDAwMDAwfX0=",
          "dependencies": [
            "azurerm_resource_group.gwiktorowski",
            "azurerm_virtual_network.gwiktorowski"
          ]
        }
      ]
    },
    {
      "mode": "managed",
      "type": "azurerm_virtual_network",
      "name": "gwiktorowski",
      "provider": "provider[\"registry.terraform.io/hashicorp/azurerm\"]",
      "instances": [
        {
          "schema_version": 0,
          "attributes": {
            "address_space": [
              "10.2.0.0/16"
            ],
            "bgp_community": "",
            "ddos_protection_plan": [],
            "dns_servers": [],
            "edge_zone": "",
            "flow_timeout_in_minutes": 0,
            "guid": "081c5334-7ba5-440a-9522-07c42041719b",
            "id": "/subscriptions/b20e8348-2196-4640-bdf8-2f8e15c94c29/resourceGroups/gwiktorowski-resources/providers/Microsoft.Network/virtualNetworks/gwiktorowski-network",
            "location": "westeurope",
            "name": "gwiktorowski-network",
            "resource_group_name": "gwiktorowski-resources",
            "subnet": [
              {
                "address_prefix": "10.2.1.0/24",
                "id": "/subscriptions/b20e8348-2196-4640-bdf8-2f8e15c94c29/resourceGroups/gwiktorowski-resources/providers/Microsoft.Network/virtualNetworks/gwiktorowski-network/subnets/gwiktorowski-private",
                "name": "gwiktorowski-private",
                "security_group": ""
              }
            ],
            "tags": {},
            "timeouts": null
          },
          "sensitive_attributes": [],
          "private": "eyJlMmJmYjczMC1lY2FhLTExZTYtOGY4OC0zNDM2M2JjN2M0YzAiOnsiY3JlYXRlIjoxODAwMDAwMDAwMDAwLCJkZWxldGUiOjE4MDAwMDAwMDAwMDAsInJlYWQiOjMwMDAwMDAwMDAwMCwidXBkYXRlIjoxODAwMDAwMDAwMDAwfX0=",
          "dependencies": [
            "azurerm_resource_group.gwiktorowski"
          ]
        }
      ]
    }
  ],
  "check_results": null
}
